
Microsoft Visual Studio Solution File, Format Version 12.00
# Visual Studio Version 16
VisualStudioVersion = 16.0.30309.148
MinimumVisualStudioVersion = 10.0.40219.1
Project("{9A19103F-16F7-4668-BE54-9A1E7A4F7556}") = "AsinkAweight.ConsoleDemo", "AsinkAweight.ConsoleDemo\AsinkAweight.ConsoleDemo.csproj", "{0CCDFAA8-A743-4039-AAD6-639646A4170A}"
EndProject
Project("{FAE04EC0-301F-11D3-BF4B-00C04F79EFBC}") = "AsinkAweight", "AsinkAweight\AsinkAweight.csproj", "{C10918BC-2A76-4CB2-86A9-E9B02A3D8B00}"
EndProject
Global
	GlobalSection(SolutionConfigurationPlatforms) = preSolution
		Debug|Any CPU = Debug|Any CPU
		Release|Any CPU = Release|Any CPU
	EndGlobalSection
	GlobalSection(ProjectConfigurationPlatforms) = postSolution
		{0CCDFAA8-A743-4039-AAD6-639646A4170A}.Debug|Any CPU.ActiveCfg = Debug|Any CPU
		{0CCDFAA8-A743-4039-AAD6-639646A4170A}.Debug|Any CPU.Build.0 = Debug|Any CPU
		{0CCDFAA8-A743-4039-AAD6-639646A4170A}.Release|Any CPU.ActiveCfg = Release|Any CPU
		{0CCDFAA8-A743-4039-AAD6-639646A4170A}.Release|Any CPU.Build.0 = Release|Any CPU
		{C10918BC-2A76-4CB2-86A9-E9B02A3D8B00}.Debug|Any CPU.ActiveCfg = Debug|Any CPU
		{C10918BC-2A76-4CB2-86A9-E9B02A3D8B00}.Debug|Any CPU.Build.0 = Debug|Any CPU
		{C10918BC-2A76-4CB2-86A9-E9B02A3D8B00}.Release|Any CPU.ActiveCfg = Release|Any CPU
		{C10918BC-2A76-4CB2-86A9-E9B02A3D8B00}.Release|Any CPU.Build.0 = Release|Any CPU
	EndGlobalSection
	GlobalSection(SolutionProperties) = preSolution
		HideSolutionNode = FALSE
	EndGlobalSection
	GlobalSection(ExtensibilityGlobals) = postSolution
		SolutionGuid = {4DF38C7A-226C-486D-A17D-94C80FDA188F}
	EndGlobalSection
EndGlobal
